
Microsoft Visual Studio Solution File, Format Version 12.00
# Visual Studio Version 16
VisualStudioVersion = 16.0.33529.622
MinimumVisualStudioVersion = 10.0.40219.1
Project("{F184B08F-C81C-45F6-A57F-5ABD9991F28F}") = "BasicInheritance", "BasicInheritance\BasicInheritance.vbproj", "{B0523AE9-8B16-4F74-ABC1-E0A03EDA7064}"
EndProject
Project("{F184B08F-C81C-45F6-A57F-5ABD9991F28F}") = "Employees", "Employees\Employees.vbproj", "{5D2D9300-91EC-4CDC-AE5C-A4F97678F20A}"
EndProject
Project("{F184B08F-C81C-45F6-A57F-5ABD9991F28F}") = "Shapes", "Shapes\Shapes.vbproj", "{E70B0409-6F74-4DF3-BB7B-71E9DD862616}"
EndProject
Project("{F184B08F-C81C-45F6-A57F-5ABD9991F28F}") = "ObjectOverrides", "ObjectOverrides\ObjectOverrides.vbproj", "{6F9C8499-E50A-42D7-9F91-1AFD3F7AA4DA}"
EndProject
Global
	GlobalSection(SolutionConfigurationPlatforms) = preSolution
		Debug|Any CPU = Debug|Any CPU
		Release|Any CPU = Release|Any CPU
	EndGlobalSection
	GlobalSection(ProjectConfigurationPlatforms) = postSolution
		{B0523AE9-8B16-4F74-ABC1-E0A03EDA7064}.Debug|Any CPU.ActiveCfg = Debug|Any CPU
		{B0523AE9-8B16-4F74-ABC1-E0A03EDA7064}.Debug|Any CPU.Build.0 = Debug|Any CPU
		{B0523AE9-8B16-4F74-ABC1-E0A03EDA7064}.Release|Any CPU.ActiveCfg = Release|Any CPU
		{B0523AE9-8B16-4F74-ABC1-E0A03EDA7064}.Release|Any CPU.Build.0 = Release|Any CPU
		{5D2D9300-91EC-4CDC-AE5C-A4F97678F20A}.Debug|Any CPU.ActiveCfg = Debug|Any CPU
		{5D2D9300-91EC-4CDC-AE5C-A4F97678F20A}.Debug|Any CPU.Build.0 = Debug|Any CPU
		{5D2D9300-91EC-4CDC-AE5C-A4F97678F20A}.Release|Any CPU.ActiveCfg = Release|Any CPU
		{5D2D9300-91EC-4CDC-AE5C-A4F97678F20A}.Release|Any CPU.Build.0 = Release|Any CPU
		{E70B0409-6F74-4DF3-BB7B-71E9DD862616}.Debug|Any CPU.ActiveCfg = Debug|Any CPU
		{E70B0409-6F74-4DF3-BB7B-71E9DD862616}.Debug|Any CPU.Build.0 = Debug|Any CPU
		{E70B0409-6F74-4DF3-BB7B-71E9DD862616}.Release|Any CPU.ActiveCfg = Release|Any CPU
		{E70B0409-6F74-4DF3-BB7B-71E9DD862616}.Release|Any CPU.Build.0 = Release|Any CPU
		{6F9C8499-E50A-42D7-9F91-1AFD3F7AA4DA}.Debug|Any CPU.ActiveCfg = Debug|Any CPU
		{6F9C8499-E50A-42D7-9F91-1AFD3F7AA4DA}.Debug|Any CPU.Build.0 = Debug|Any CPU
		{6F9C8499-E50A-42D7-9F91-1AFD3F7AA4DA}.Release|Any CPU.ActiveCfg = Release|Any CPU
		{6F9C8499-E50A-42D7-9F91-1AFD3F7AA4DA}.Release|Any CPU.Build.0 = Release|Any CPU
	EndGlobalSection
	GlobalSection(SolutionProperties) = preSolution
		HideSolutionNode = FALSE
	EndGlobalSection
	GlobalSection(ExtensibilityGlobals) = postSolution
		SolutionGuid = {594B5CB5-A1D9-4F73-A74A-E8C005C18E78}
	EndGlobalSection
EndGlobal
