
Microsoft Visual Studio Solution File, Format Version 12.00
# Visual Studio Version 17
VisualStudioVersion = 17.12.35514.174
MinimumVisualStudioVersion = 10.0.40219.1
Project("{F184B08F-C81C-45F6-A57F-5ABD9991F28F}") = "FunWithModules", "FunWithModules\FunWithModules.vbproj", "{5D8A2214-99C7-4AD3-8AA0-7AB2827D962C}"
EndProject
Project("{F184B08F-C81C-45F6-A57F-5ABD9991F28F}") = "FunWithMain", "FunWithMain\FunWithMain.vbproj", "{41FF0E50-DA05-4F1A-83FE-A1A36960A0AA}"
EndProject
Project("{F184B08F-C81C-45F6-A57F-5ABD9991F28F}") = "FunWithConsoleIO", "FunWithConsoleIO\FunWithConsoleIO.vbproj", "{5F3217D1-9BB0-451D-B32B-962141DDEAB6}"
EndProject
Project("{F184B08F-C81C-45F6-A57F-5ABD9991F28F}") = "FunWithDataTypes", "FunWithDataTypes\FunWithDataTypes.vbproj", "{E6BB8D59-A170-441A-81C2-8746F5AD2ED5}"
EndProject
Project("{F184B08F-C81C-45F6-A57F-5ABD9991F28F}") = "FunWithStrings", "FunWithStrings\FunWithStrings.vbproj", "{080E8C8B-5889-4DA3-AFC0-54AF3BF6BD92}"
EndProject
Project("{F184B08F-C81C-45F6-A57F-5ABD9991F28F}") = "NarrowingAndWidening", "NarrowingAndWidening\NarrowingAndWidening.vbproj", "{DBA33194-3354-4A13-8555-3FAC3DD47094}"
EndProject
Project("{F184B08F-C81C-45F6-A57F-5ABD9991F28F}") = "FlowControlConstructs", "FlowControlConstructs\FlowControlConstructs.vbproj", "{4782058F-CCFF-4B4E-A050-F01EBAB35D46}"
EndProject
Project("{F184B08F-C81C-45F6-A57F-5ABD9991F28F}") = "IterationConstructs", "IterationConstructs\IterationConstructs.vbproj", "{88759339-3ECD-4470-AABE-B0CF3400D17C}"
EndProject
Project("{F184B08F-C81C-45F6-A57F-5ABD9991F28F}") = "SelectCaseStatement", "SelectCaseStatement\SelectCaseStatement.vbproj", "{6989D225-49CE-44C5-86D1-452A4B20DA6C}"
EndProject
Project("{F184B08F-C81C-45F6-A57F-5ABD9991F28F}") = "ForEachLoop", "ForEachLoop\ForEachLoop.vbproj", "{8C11B056-B38F-4BFE-A93C-8210B710A6AC}"
EndProject
Project("{F184B08F-C81C-45F6-A57F-5ABD9991F28F}") = "WhileLoop", "WhileLoop\WhileLoop.vbproj", "{9414217E-DFDD-4F6F-834D-411B0D64D82A}"
EndProject
Global
	GlobalSection(SolutionConfigurationPlatforms) = preSolution
		Debug|Any CPU = Debug|Any CPU
		Release|Any CPU = Release|Any CPU
	EndGlobalSection
	GlobalSection(ProjectConfigurationPlatforms) = postSolution
		{5D8A2214-99C7-4AD3-8AA0-7AB2827D962C}.Debug|Any CPU.ActiveCfg = Debug|Any CPU
		{5D8A2214-99C7-4AD3-8AA0-7AB2827D962C}.Debug|Any CPU.Build.0 = Debug|Any CPU
		{5D8A2214-99C7-4AD3-8AA0-7AB2827D962C}.Release|Any CPU.ActiveCfg = Release|Any CPU
		{5D8A2214-99C7-4AD3-8AA0-7AB2827D962C}.Release|Any CPU.Build.0 = Release|Any CPU
		{41FF0E50-DA05-4F1A-83FE-A1A36960A0AA}.Debug|Any CPU.ActiveCfg = Debug|Any CPU
		{41FF0E50-DA05-4F1A-83FE-A1A36960A0AA}.Debug|Any CPU.Build.0 = Debug|Any CPU
		{41FF0E50-DA05-4F1A-83FE-A1A36960A0AA}.Release|Any CPU.ActiveCfg = Release|Any CPU
		{41FF0E50-DA05-4F1A-83FE-A1A36960A0AA}.Release|Any CPU.Build.0 = Release|Any CPU
		{5F3217D1-9BB0-451D-B32B-962141DDEAB6}.Debug|Any CPU.ActiveCfg = Debug|Any CPU
		{5F3217D1-9BB0-451D-B32B-962141DDEAB6}.Debug|Any CPU.Build.0 = Debug|Any CPU
		{5F3217D1-9BB0-451D-B32B-962141DDEAB6}.Release|Any CPU.ActiveCfg = Release|Any CPU
		{5F3217D1-9BB0-451D-B32B-962141DDEAB6}.Release|Any CPU.Build.0 = Release|Any CPU
		{E6BB8D59-A170-441A-81C2-8746F5AD2ED5}.Debug|Any CPU.ActiveCfg = Debug|Any CPU
		{E6BB8D59-A170-441A-81C2-8746F5AD2ED5}.Debug|Any CPU.Build.0 = Debug|Any CPU
		{E6BB8D59-A170-441A-81C2-8746F5AD2ED5}.Release|Any CPU.ActiveCfg = Release|Any CPU
		{E6BB8D59-A170-441A-81C2-8746F5AD2ED5}.Release|Any CPU.Build.0 = Release|Any CPU
		{080E8C8B-5889-4DA3-AFC0-54AF3BF6BD92}.Debug|Any CPU.ActiveCfg = Debug|Any CPU
		{080E8C8B-5889-4DA3-AFC0-54AF3BF6BD92}.Debug|Any CPU.Build.0 = Debug|Any CPU
		{080E8C8B-5889-4DA3-AFC0-54AF3BF6BD92}.Release|Any CPU.ActiveCfg = Release|Any CPU
		{080E8C8B-5889-4DA3-AFC0-54AF3BF6BD92}.Release|Any CPU.Build.0 = Release|Any CPU
		{DBA33194-3354-4A13-8555-3FAC3DD47094}.Debug|Any CPU.ActiveCfg = Debug|Any CPU
		{DBA33194-3354-4A13-8555-3FAC3DD47094}.Debug|Any CPU.Build.0 = Debug|Any CPU
		{DBA33194-3354-4A13-8555-3FAC3DD47094}.Release|Any CPU.ActiveCfg = Release|Any CPU
		{DBA33194-3354-4A13-8555-3FAC3DD47094}.Release|Any CPU.Build.0 = Release|Any CPU
		{4782058F-CCFF-4B4E-A050-F01EBAB35D46}.Debug|Any CPU.ActiveCfg = Debug|Any CPU
		{4782058F-CCFF-4B4E-A050-F01EBAB35D46}.Debug|Any CPU.Build.0 = Debug|Any CPU
		{4782058F-CCFF-4B4E-A050-F01EBAB35D46}.Release|Any CPU.ActiveCfg = Release|Any CPU
		{4782058F-CCFF-4B4E-A050-F01EBAB35D46}.Release|Any CPU.Build.0 = Release|Any CPU
		{88759339-3ECD-4470-AABE-B0CF3400D17C}.Debug|Any CPU.ActiveCfg = Debug|Any CPU
		{88759339-3ECD-4470-AABE-B0CF3400D17C}.Debug|Any CPU.Build.0 = Debug|Any CPU
		{88759339-3ECD-4470-AABE-B0CF3400D17C}.Release|Any CPU.ActiveCfg = Release|Any CPU
		{88759339-3ECD-4470-AABE-B0CF3400D17C}.Release|Any CPU.Build.0 = Release|Any CPU
		{6989D225-49CE-44C5-86D1-452A4B20DA6C}.Debug|Any CPU.ActiveCfg = Debug|Any CPU
		{6989D225-49CE-44C5-86D1-452A4B20DA6C}.Debug|Any CPU.Build.0 = Debug|Any CPU
		{6989D225-49CE-44C5-86D1-452A4B20DA6C}.Release|Any CPU.ActiveCfg = Release|Any CPU
		{6989D225-49CE-44C5-86D1-452A4B20DA6C}.Release|Any CPU.Build.0 = Release|Any CPU
		{8C11B056-B38F-4BFE-A93C-8210B710A6AC}.Debug|Any CPU.ActiveCfg = Debug|Any CPU
		{8C11B056-B38F-4BFE-A93C-8210B710A6AC}.Debug|Any CPU.Build.0 = Debug|Any CPU
		{8C11B056-B38F-4BFE-A93C-8210B710A6AC}.Release|Any CPU.ActiveCfg = Release|Any CPU
		{8C11B056-B38F-4BFE-A93C-8210B710A6AC}.Release|Any CPU.Build.0 = Release|Any CPU
		{9414217E-DFDD-4F6F-834D-411B0D64D82A}.Debug|Any CPU.ActiveCfg = Debug|Any CPU
		{9414217E-DFDD-4F6F-834D-411B0D64D82A}.Debug|Any CPU.Build.0 = Debug|Any CPU
		{9414217E-DFDD-4F6F-834D-411B0D64D82A}.Release|Any CPU.ActiveCfg = Release|Any CPU
		{9414217E-DFDD-4F6F-834D-411B0D64D82A}.Release|Any CPU.Build.0 = Release|Any CPU
	EndGlobalSection
	GlobalSection(SolutionProperties) = preSolution
		HideSolutionNode = FALSE
	EndGlobalSection
EndGlobal
