
Microsoft Visual Studio Solution File, Format Version 12.00
# Visual Studio Version 16
VisualStudioVersion = 16.0.33529.622
MinimumVisualStudioVersion = 10.0.40219.1
Project("{F184B08F-C81C-45F6-A57F-5ABD9991F28F}") = "DefiningSubroutinesAndFunctions", "DefiningSubroutinesAndFunctions\DefiningSubroutinesAndFunctions.vbproj", "{5682440D-50D3-4BE0-8D43-6E9C4806743A}"
EndProject
Project("{F184B08F-C81C-45F6-A57F-5ABD9991F28F}") = "ArrayManipulation", "ArrayManipulation\ArrayManipulation.vbproj", "{EFAF20DE-6165-4CE3-B3CD-A6E3BA569716}"
EndProject
Project("{F184B08F-C81C-45F6-A57F-5ABD9991F28F}") = "SystemArrayClass", "SystemArrayClass\SystemArrayClass.vbproj", "{DBFF306D-79A1-44EB-8097-374AB58B743A}"
EndProject
Project("{F184B08F-C81C-45F6-A57F-5ABD9991F28F}") = "Enumerations", "Enumerations\Enumerations.vbproj", "{7D3E2461-1FD9-491D-807E-85015B17BDB5}"
EndProject
Project("{F184B08F-C81C-45F6-A57F-5ABD9991F28F}") = "TheStructureType", "TheStructureType\TheStructureType.vbproj", "{81EAEA4B-8614-4B64-AB26-0FF60B2E5B73}"
EndProject
Global
	GlobalSection(SolutionConfigurationPlatforms) = preSolution
		Debug|Any CPU = Debug|Any CPU
		Release|Any CPU = Release|Any CPU
	EndGlobalSection
	GlobalSection(ProjectConfigurationPlatforms) = postSolution
		{5682440D-50D3-4BE0-8D43-6E9C4806743A}.Debug|Any CPU.ActiveCfg = Debug|Any CPU
		{5682440D-50D3-4BE0-8D43-6E9C4806743A}.Debug|Any CPU.Build.0 = Debug|Any CPU
		{5682440D-50D3-4BE0-8D43-6E9C4806743A}.Release|Any CPU.ActiveCfg = Release|Any CPU
		{5682440D-50D3-4BE0-8D43-6E9C4806743A}.Release|Any CPU.Build.0 = Release|Any CPU
		{EFAF20DE-6165-4CE3-B3CD-A6E3BA569716}.Debug|Any CPU.ActiveCfg = Debug|Any CPU
		{EFAF20DE-6165-4CE3-B3CD-A6E3BA569716}.Debug|Any CPU.Build.0 = Debug|Any CPU
		{EFAF20DE-6165-4CE3-B3CD-A6E3BA569716}.Release|Any CPU.ActiveCfg = Release|Any CPU
		{EFAF20DE-6165-4CE3-B3CD-A6E3BA569716}.Release|Any CPU.Build.0 = Release|Any CPU
		{DBFF306D-79A1-44EB-8097-374AB58B743A}.Debug|Any CPU.ActiveCfg = Debug|Any CPU
		{DBFF306D-79A1-44EB-8097-374AB58B743A}.Debug|Any CPU.Build.0 = Debug|Any CPU
		{DBFF306D-79A1-44EB-8097-374AB58B743A}.Release|Any CPU.ActiveCfg = Release|Any CPU
		{DBFF306D-79A1-44EB-8097-374AB58B743A}.Release|Any CPU.Build.0 = Release|Any CPU
		{7D3E2461-1FD9-491D-807E-85015B17BDB5}.Debug|Any CPU.ActiveCfg = Debug|Any CPU
		{7D3E2461-1FD9-491D-807E-85015B17BDB5}.Debug|Any CPU.Build.0 = Debug|Any CPU
		{7D3E2461-1FD9-491D-807E-85015B17BDB5}.Release|Any CPU.ActiveCfg = Release|Any CPU
		{7D3E2461-1FD9-491D-807E-85015B17BDB5}.Release|Any CPU.Build.0 = Release|Any CPU
		{81EAEA4B-8614-4B64-AB26-0FF60B2E5B73}.Debug|Any CPU.ActiveCfg = Debug|Any CPU
		{81EAEA4B-8614-4B64-AB26-0FF60B2E5B73}.Debug|Any CPU.Build.0 = Debug|Any CPU
		{81EAEA4B-8614-4B64-AB26-0FF60B2E5B73}.Release|Any CPU.ActiveCfg = Release|Any CPU
		{81EAEA4B-8614-4B64-AB26-0FF60B2E5B73}.Release|Any CPU.Build.0 = Release|Any CPU
	EndGlobalSection
	GlobalSection(SolutionProperties) = preSolution
		HideSolutionNode = FALSE
	EndGlobalSection
	GlobalSection(ExtensibilityGlobals) = postSolution
		SolutionGuid = {AEA6357B-6DC9-4983-AA57-81A637532F80}
	EndGlobalSection
EndGlobal
