
Microsoft Visual Studio Solution File, Format Version 12.00
# Visual Studio Version 17
VisualStudioVersion = 17.14.36221.1
MinimumVisualStudioVersion = 10.0.40219.1
Project("{F184B08F-C81C-45F6-A57F-5ABD9991F28F}") = "SimpleClassExample", "SimpleClassExample\SimpleClassExample.vbproj", "{182CA349-F7AF-4C62-9BA1-26117E51CB1D}"
EndProject
Project("{F184B08F-C81C-45F6-A57F-5ABD9991F28F}") = "SharedMethods", "SharedMethods\SharedMethods.vbproj", "{60C34BDC-B389-4131-8403-C23A12FC1856}"
EndProject
Project("{F184B08F-C81C-45F6-A57F-5ABD9991F28F}") = "AggregationExample", "AggregationExample\AggregationExample.vbproj", "{8D29C63E-3C9F-46CC-BE31-81334A4C0A27}"
EndProject
Project("{F184B08F-C81C-45F6-A57F-5ABD9991F28F}") = "InheritanceAndPolymorphism", "InheritanceAndPolymorphism\InheritanceAndPolymorphism.vbproj", "{BCD25286-E4FF-4E26-A351-86894012700B}"
EndProject
Project("{F184B08F-C81C-45F6-A57F-5ABD9991F28F}") = "AccessorsAndMutators", "AccessorsAndMutators\AccessorsAndMutators.vbproj", "{2A48A057-AE47-4661-A349-62EFB8E13F14}"
EndProject
Project("{F184B08F-C81C-45F6-A57F-5ABD9991F28F}") = "EncapsulationUsingProperties", "EncapsulationUsingProperties\EncapsulationUsingProperties.vbproj", "{3266BDD8-C390-488D-A935-602F1B1ADA98}"
EndProject
Project("{F184B08F-C81C-45F6-A57F-5ABD9991F28F}") = "DocumentingSourceCode", "DocumentingSourceCode\DocumentingSourceCode.vbproj", "{B694E8D7-9D50-4465-BC40-1C176175DC7F}"
EndProject
Global
	GlobalSection(SolutionConfigurationPlatforms) = preSolution
		Debug|Any CPU = Debug|Any CPU
		Release|Any CPU = Release|Any CPU
	EndGlobalSection
	GlobalSection(ProjectConfigurationPlatforms) = postSolution
		{182CA349-F7AF-4C62-9BA1-26117E51CB1D}.Debug|Any CPU.ActiveCfg = Debug|Any CPU
		{182CA349-F7AF-4C62-9BA1-26117E51CB1D}.Debug|Any CPU.Build.0 = Debug|Any CPU
		{182CA349-F7AF-4C62-9BA1-26117E51CB1D}.Release|Any CPU.ActiveCfg = Release|Any CPU
		{182CA349-F7AF-4C62-9BA1-26117E51CB1D}.Release|Any CPU.Build.0 = Release|Any CPU
		{60C34BDC-B389-4131-8403-C23A12FC1856}.Debug|Any CPU.ActiveCfg = Debug|Any CPU
		{60C34BDC-B389-4131-8403-C23A12FC1856}.Debug|Any CPU.Build.0 = Debug|Any CPU
		{60C34BDC-B389-4131-8403-C23A12FC1856}.Release|Any CPU.ActiveCfg = Release|Any CPU
		{60C34BDC-B389-4131-8403-C23A12FC1856}.Release|Any CPU.Build.0 = Release|Any CPU
		{8D29C63E-3C9F-46CC-BE31-81334A4C0A27}.Debug|Any CPU.ActiveCfg = Debug|Any CPU
		{8D29C63E-3C9F-46CC-BE31-81334A4C0A27}.Debug|Any CPU.Build.0 = Debug|Any CPU
		{8D29C63E-3C9F-46CC-BE31-81334A4C0A27}.Release|Any CPU.ActiveCfg = Release|Any CPU
		{8D29C63E-3C9F-46CC-BE31-81334A4C0A27}.Release|Any CPU.Build.0 = Release|Any CPU
		{BCD25286-E4FF-4E26-A351-86894012700B}.Debug|Any CPU.ActiveCfg = Debug|Any CPU
		{BCD25286-E4FF-4E26-A351-86894012700B}.Debug|Any CPU.Build.0 = Debug|Any CPU
		{BCD25286-E4FF-4E26-A351-86894012700B}.Release|Any CPU.ActiveCfg = Release|Any CPU
		{BCD25286-E4FF-4E26-A351-86894012700B}.Release|Any CPU.Build.0 = Release|Any CPU
		{2A48A057-AE47-4661-A349-62EFB8E13F14}.Debug|Any CPU.ActiveCfg = Debug|Any CPU
		{2A48A057-AE47-4661-A349-62EFB8E13F14}.Debug|Any CPU.Build.0 = Debug|Any CPU
		{2A48A057-AE47-4661-A349-62EFB8E13F14}.Release|Any CPU.ActiveCfg = Release|Any CPU
		{2A48A057-AE47-4661-A349-62EFB8E13F14}.Release|Any CPU.Build.0 = Release|Any CPU
		{3266BDD8-C390-488D-A935-602F1B1ADA98}.Debug|Any CPU.ActiveCfg = Debug|Any CPU
		{3266BDD8-C390-488D-A935-602F1B1ADA98}.Debug|Any CPU.Build.0 = Debug|Any CPU
		{3266BDD8-C390-488D-A935-602F1B1ADA98}.Release|Any CPU.ActiveCfg = Release|Any CPU
		{3266BDD8-C390-488D-A935-602F1B1ADA98}.Release|Any CPU.Build.0 = Release|Any CPU
		{B694E8D7-9D50-4465-BC40-1C176175DC7F}.Debug|Any CPU.ActiveCfg = Debug|Any CPU
		{B694E8D7-9D50-4465-BC40-1C176175DC7F}.Debug|Any CPU.Build.0 = Debug|Any CPU
		{B694E8D7-9D50-4465-BC40-1C176175DC7F}.Release|Any CPU.ActiveCfg = Release|Any CPU
		{B694E8D7-9D50-4465-BC40-1C176175DC7F}.Release|Any CPU.Build.0 = Release|Any CPU
	EndGlobalSection
	GlobalSection(SolutionProperties) = preSolution
		HideSolutionNode = FALSE
	EndGlobalSection
	GlobalSection(ExtensibilityGlobals) = postSolution
		SolutionGuid = {AD65E7FB-B939-403C-9F64-D4DDDFAAD097}
	EndGlobalSection
EndGlobal
